{
  "lockfileVersion": 1,
  "dependencies": {
    "bpmn-font": {
      "version": "0.8.0",
      "resolved": "https://registry.npmjs.org/bpmn-font/-/bpmn-font-0.8.0.tgz",
      "integrity": "sha512-j8u5k7EcGkmg7WkPgObxyvMEccr0qyiCuvXGnM5G2Q+kza119vVq3gblt0Rro/UDjl7i3VmfG3ojeZ04VHeVFg=="
    },
    "bpmn-js": {
      "version": "0.27.6",
      "resolved": "https://registry.npmjs.org/bpmn-js/-/bpmn-js-0.27.6.tgz",
      "integrity": "sha512-Ap18jVHo54BKikTVDwGkH0pCGJkzgTOuHtR/wZJbjoSSPRUBj1zz+8wh+jf8FjFZXHDvR0ZCd6b3laSV1QhfcA==",
      "dependencies": {
        "diagram-js": {
          "version": "0.28.3",
          "resolved": "https://registry.npmjs.org/diagram-js/-/diagram-js-0.28.3.tgz",
          "integrity": "sha512-7956bS9jBxDJL89dLn9OCEWwUBD4YjzxhEdt6/YvolB44t1yLxLOi8xXOgnp1r3xsydx3DtFtaqKVdZMzqeVEQ=="
        }
      }
    },
    "bpmn-js-properties-panel": {
      "version": "0.22.1",
      "resolved": "https://registry.npmjs.org/bpmn-js-properties-panel/-/bpmn-js-properties-panel-0.22.1.tgz",
      "integrity": "sha512-UIvGWAli9hbk5ZCmu7l0vr5a3l93iBIVKvij1l3tTRBXWebhW99oUrYdqm0I9Duf6ath7OMMObSjoUFCtezTGA==",
      "dependencies": {
        "min-dom": {
          "version": "0.2.0",
          "resolved": "https://registry.npmjs.org/min-dom/-/min-dom-0.2.0.tgz",
          "integrity": "sha1-fxo/ishcBa3uez9A4AxSgDB1zV0="
        }
      }
    },
    "bpmn-moddle": {
      "version": "2.1.2",
      "resolved": "https://registry.npmjs.org/bpmn-moddle/-/bpmn-moddle-2.1.2.tgz",
      "integrity": "sha512-TNCahynzog1I1UJenV6BSvVQbzLBet4B+ZcM9hwSLwN2zPgAVl4fSgu56CnyU9aaSh96sjgPpd3+8f5S0mKuTg=="
    },
    "camunda-bpmn-moddle": {
      "version": "2.0.0",
      "resolved": "https://registry.npmjs.org/camunda-bpmn-moddle/-/camunda-bpmn-moddle-2.0.0.tgz",
      "integrity": "sha512-D70LKjPD7GM/hnKZGW/5Xz146ulpeBNvPuudDFolS3Fx5oqo4YBOO38bNf+GvDQv6zi8NW/ExIDbtHipsrS1Bw=="
    },
    "closest": {
      "version": "0.0.1",
      "resolved": "https://registry.npmjs.org/closest/-/closest-0.0.1.tgz",
      "integrity": "sha1-JtpvgLPg4X5x+A8SeCgZ6fZTSVw=",
      "dependencies": {
        "matches-selector": {
          "version": "0.0.1",
          "resolved": "https://registry.npmjs.org/matches-selector/-/matches-selector-0.0.1.tgz",
          "integrity": "sha1-HfUmIkOuNBwaCATdMCBIJnrHE7s="
        }
      }
    },
    "component-classes": {
      "version": "1.2.6",
      "resolved": "https://registry.npmjs.org/component-classes/-/component-classes-1.2.6.tgz",
      "integrity": "sha1-xkI5TDYYpNiwuJGe/Mu9kw5c1pE="
    },
    "component-closest": {
      "version": "0.1.4",
      "resolved": "https://registry.npmjs.org/component-closest/-/component-closest-0.1.4.tgz",
      "integrity": "sha1-W3L8UtkGB+dRFcr9w7B+JzSN5xs="
    },
    "component-delegate": {
      "version": "0.2.4",
      "resolved": "https://registry.npmjs.org/component-delegate/-/component-delegate-0.2.4.tgz",
      "integrity": "sha1-3FAodZ6mgb6oSj1rvWUCB8O+sTg="
    },
    "component-event": {
      "version": "0.1.4",
      "resolved": "https://registry.npmjs.org/component-event/-/component-event-0.1.4.tgz",
      "integrity": "sha1-PeePwoeCOBeH4kvyp8U2vwFCybQ="
    },
    "component-indexof": {
      "version": "0.0.3",
      "resolved": "https://registry.npmjs.org/component-indexof/-/component-indexof-0.0.3.tgz",
      "integrity": "sha1-EdCRMSI5648yyPJa6csAL/6NPCQ="
    },
    "component-matches-selector": {
      "version": "0.1.6",
      "resolved": "https://registry.npmjs.org/component-matches-selector/-/component-matches-selector-0.1.6.tgz",
      "integrity": "sha1-e2MOBOfgw7ABnzF0n9cK9e2Lly4="
    },
    "component-query": {
      "version": "0.0.3",
      "resolved": "https://registry.npmjs.org/component-query/-/component-query-0.0.3.tgz",
      "integrity": "sha1-B/Sdq3Bx+pYGcl31PmB/RorNqs8="
    },
    "delegate-events": {
      "version": "1.1.1",
      "resolved": "https://registry.npmjs.org/delegate-events/-/delegate-events-1.1.1.tgz",
      "integrity": "sha1-2rSQqcHx1AykDrzSHtr3F7Zx1NQ="
    },
    "diagram-js": {
      "version": "0.28.2",
      "resolved": "https://registry.npmjs.org/diagram-js/-/diagram-js-0.28.2.tgz",
      "integrity": "sha512-2wOlp//cULhu0mHMqQjL/LxH5j5AGLsRfmLaiTDEYhD7jjJGXEaUjZ/Jz18QdgtTOoe3pN8kTHvRd+UTt4gZNA=="
    },
    "diagram-js-direct-editing": {
      "version": "0.22.0",
      "resolved": "https://registry.npmjs.org/diagram-js-direct-editing/-/diagram-js-direct-editing-0.22.0.tgz",
      "integrity": "sha512-qXknfKn2ixPplz9+MVExmH8XIBpDKHRCjs8kIOnh+BxXYayLfGE50EB2zIpLORSpgc7CfWkyEVwy57s7fFZszQ=="
    },
    "didi": {
      "version": "0.1.1",
      "resolved": "https://registry.npmjs.org/didi/-/didi-0.1.1.tgz",
      "integrity": "sha1-aG5EaRucpSurG4nDxmqBdLMkmGQ="
    },
    "domify": {
      "version": "1.4.0",
      "resolved": "https://registry.npmjs.org/domify/-/domify-1.4.0.tgz",
      "integrity": "sha1-EUg2F/dk+GlZdbS9x5sU8IA7Yps="
    },
    "events": {
      "version": "1.1.1",
      "resolved": "https://registry.npmjs.org/events/-/events-1.1.1.tgz",
      "integrity": "sha1-nr23Y1rQmccNzEwqH1AEKI6L2SQ="
    },
    "hammerjs": {
      "version": "2.0.8",
      "resolved": "https://registry.npmjs.org/hammerjs/-/hammerjs-2.0.8.tgz",
      "integrity": "sha1-BO93hiz/K7edMPdpIJWTAiK/YPE="
    },
    "hat": {
      "version": "0.0.3",
      "resolved": "https://registry.npmjs.org/hat/-/hat-0.0.3.tgz",
      "integrity": "sha1-uwFKnmSzeIrtgAWRdBPU/z1QLYo="
    },
    "ids": {
      "version": "0.2.0",
      "resolved": "https://registry.npmjs.org/ids/-/ids-0.2.0.tgz",
      "integrity": "sha1-WDWrknLBVLXELpth/7KjGtYjKFM="
    },
    "indexof": {
      "version": "0.0.1",
      "resolved": "https://registry.npmjs.org/indexof/-/indexof-0.0.1.tgz",
      "integrity": "sha1-gtwzbSMrkGIXnQWrMpOmYFn9Q10="
    },
    "inherits": {
      "version": "2.0.3",
      "resolved": "https://registry.npmjs.org/inherits/-/inherits-2.0.3.tgz",
      "integrity": "sha1-Yzwsg+PaQqUC9SRmAiSA9CCCYd4="
    },
    "lodash": {
      "version": "3.10.1",
      "resolved": "https://registry.npmjs.org/lodash/-/lodash-3.10.1.tgz",
      "integrity": "sha1-W/Rejkm6QYnhfUgnid/RW9FAt7Y="
    },
    "matches-selector": {
      "version": "1.2.0",
      "resolved": "https://registry.npmjs.org/matches-selector/-/matches-selector-1.2.0.tgz",
      "integrity": "sha512-c4vLwYWyl+Ji+U43eU/G5FwxWd4ZH0ePUsFs5y0uwD9HUEFBXUQ1zUUan+78IpRD+y4pUfG0nAzNM292K7ItvA=="
    },
    "min-dash": {
      "version": "2.3.0",
      "resolved": "https://registry.npmjs.org/min-dash/-/min-dash-2.3.0.tgz",
      "integrity": "sha512-NYwPXiE+QuEa2mqg085blzYoMFcvZzca1GBvZEiFHSDYAhrayboPYR82DgmIGWoczlxPdgVeP4X+9O9u89PGGQ=="
    },
    "min-dom": {
      "version": "1.0.0",
      "resolved": "https://registry.npmjs.org/min-dom/-/min-dom-1.0.0.tgz",
      "integrity": "sha512-YSr1ncvKSBDBV6yxNNzHTYBiqr19MSunlCBrwUkvWs6SGD9m0eRr2WR0s9vKACKALcJo7Ueu9SPQpcuET9tnSA=="
    },
    "moddle": {
      "version": "2.0.0",
      "resolved": "https://registry.npmjs.org/moddle/-/moddle-2.0.0.tgz",
      "integrity": "sha512-hvMu010Sl+L9K7nH8Jiw5qTa4/W/kjf/tKx6tAg+xQ3NpldYoQddaqXYhmZvTWKOQ7JZ1aUnntJ5rGs4wwI4fg=="
    },
    "moddle-xml": {
      "version": "4.1.4",
      "resolved": "https://registry.npmjs.org/moddle-xml/-/moddle-xml-4.1.4.tgz",
      "integrity": "sha512-c/8THxmVww/0qOH8KoI3iE5e+tfMAl/GwC8H6hHVHZAhqTRLYw7atQmtwVeEAgtYTrS/C1WH/RFviNxYxQW8rg=="
    },
    "object-refs": {
      "version": "0.1.1",
      "resolved": "https://registry.npmjs.org/object-refs/-/object-refs-0.1.1.tgz",
      "integrity": "sha1-NT912mM+qEamHvDfBOxrqUH4b8Q="
    },
    "path-intersection": {
      "version": "1.0.2",
      "resolved": "https://registry.npmjs.org/path-intersection/-/path-intersection-1.0.2.tgz",
      "integrity": "sha512-bPu1FbnWYqqGYhXAN0zKG2MEFd0gMDwrIMuhCNtLbU3DHrdQrNdBXLOb4Sc4lVgbYZE2aExeHP4v6yamslfMVw=="
    },
    "saxen": {
      "version": "5.7.0",
      "resolved": "https://registry.npmjs.org/saxen/-/saxen-5.7.0.tgz",
      "integrity": "sha512-57s/4dVUmHbaMm+eHOzYIoy+o6UwmrzsKAj0toWpI+h+bzJ2xPfJZ9OGPu5onHIpF64mJLPTBD2wk8jfTBL+Xw=="
    },
    "scroll-tabs": {
      "version": "0.2.1",
      "resolved": "https://registry.npmjs.org/scroll-tabs/-/scroll-tabs-0.2.1.tgz",
      "integrity": "sha1-dw1GK0D2M7nK5u7jUh94XEnaj28=",
      "dependencies": {
        "min-dom": {
          "version": "0.2.0",
          "resolved": "https://registry.npmjs.org/min-dom/-/min-dom-0.2.0.tgz",
          "integrity": "sha1-fxo/ishcBa3uez9A4AxSgDB1zV0="
        }
      }
    },
    "selection-update": {
      "version": "0.1.2",
      "resolved": "https://registry.npmjs.org/selection-update/-/selection-update-0.1.2.tgz",
      "integrity": "sha1-gDoETcxu2rWjrmSPXwNX6JrWa5Y="
    },
    "tiny-stack": {
      "version": "0.1.0",
      "resolved": "https://registry.npmjs.org/tiny-stack/-/tiny-stack-0.1.0.tgz",
      "integrity": "sha1-GoSBc/wL/FTne7LpUE0tPIrXliE="
    },
    "tiny-svg": {
      "version": "0.1.3",
      "resolved": "https://registry.npmjs.org/tiny-svg/-/tiny-svg-0.1.3.tgz",
      "integrity": "sha512-xSijn0Y49l4IzGAPpVg2Pzmey7y7Toa0sTTAtAZb3LGSKbC+LLqGv7ecaORgeeYAIup0hChnsc2/p8cEtIl/TQ=="
    }
  }
}
